
Microsoft Visual Studio Solution File, Format Version 12.00
# Visual Studio 15
VisualStudioVersion = 15.0.27428.2002
MinimumVisualStudioVersion = 10.0.40219.1
Project("{8BC9CEB8-8B4A-11D0-8D11-00A0C91BC942}") = "MoveWnd", "MoveWnd\MoveWnd.vcxproj", "{D62ADB96-9C14-40CA-92C0-E6E2AA64A940}"
EndProject
Global
	GlobalSection(SolutionConfigurationPlatforms) = preSolution
		Debug|x64 = Debug|x64
		Debug|x86 = Debug|x86
		Release|x64 = Release|x64
		Release|x86 = Release|x86
	EndGlobalSection
	GlobalSection(ProjectConfigurationPlatforms) = postSolution
		{D62ADB96-9C14-40CA-92C0-E6E2AA64A940}.Debug|x64.ActiveCfg = Debug|x64
		{D62ADB96-9C14-40CA-92C0-E6E2AA64A940}.Debug|x64.Build.0 = Debug|x64
		{D62ADB96-9C14-40CA-92C0-E6E2AA64A940}.Debug|x86.ActiveCfg = Debug|Win32
		{D62ADB96-9C14-40CA-92C0-E6E2AA64A940}.Debug|x86.Build.0 = Debug|Win32
		{D62ADB96-9C14-40CA-92C0-E6E2AA64A940}.Release|x64.ActiveCfg = Release|x64
		{D62ADB96-9C14-40CA-92C0-E6E2AA64A940}.Release|x64.Build.0 = Release|x64
		{D62ADB96-9C14-40CA-92C0-E6E2AA64A940}.Release|x86.ActiveCfg = Release|Win32
		{D62ADB96-9C14-40CA-92C0-E6E2AA64A940}.Release|x86.Build.0 = Release|Win32
	EndGlobalSection
	GlobalSection(SolutionProperties) = preSolution
		HideSolutionNode = FALSE
	EndGlobalSection
	GlobalSection(ExtensibilityGlobals) = postSolution
		SolutionGuid = {9F99F7BC-6AFC-4394-AB41-D878B23F4599}
	EndGlobalSection
EndGlobal
